
Microsoft Visual Studio Solution File, Format Version 12.00
# Visual Studio Version 17
VisualStudioVersion = 17.2.32630.192
MinimumVisualStudioVersion = 10.0.40219.1
Project("{FAE04EC0-301F-11D3-BF4B-00C04F79EFBC}") = "IMC", "IMC\IMC.csproj", "{5573C7D2-A449-4CC4-9747-88DDE338CF72}"
EndProject
Global
	GlobalSection(SolutionConfigurationPlatforms) = preSolution
		Debug|Any CPU = Debug|Any CPU
		Release|Any CPU = Release|Any CPU
	EndGlobalSection
	GlobalSection(ProjectConfigurationPlatforms) = postSolution
		{5573C7D2-A449-4CC4-9747-88DDE338CF72}.Debug|Any CPU.ActiveCfg = Debug|Any CPU
		{5573C7D2-A449-4CC4-9747-88DDE338CF72}.Debug|Any CPU.Build.0 = Debug|Any CPU
		{5573C7D2-A449-4CC4-9747-88DDE338CF72}.Release|Any CPU.ActiveCfg = Release|Any CPU
		{5573C7D2-A449-4CC4-9747-88DDE338CF72}.Release|Any CPU.Build.0 = Release|Any CPU
	EndGlobalSection
	GlobalSection(SolutionProperties) = preSolution
		HideSolutionNode = FALSE
	EndGlobalSection
	GlobalSection(ExtensibilityGlobals) = postSolution
		SolutionGuid = {3BD03FA0-88D6-415C-8985-20D4B493EDBC}
	EndGlobalSection
EndGlobal
